
Microsoft Visual Studio Solution File, Format Version 12.00
Project("{2150E333-8FDC-42A3-9474-1A3956D46DE8}") = "src", "src", "{5B2AE9A5-852B-49ED-A607-1AC6594768E3}"
EndProject
Project("{FAE04EC0-301F-11D3-BF4B-00C04F79EFBC}") = "API", "API\API.csproj", "{369BA399-3307-4729-B266-7B87350DE1DE}"
EndProject
Project("{FAE04EC0-301F-11D3-BF4B-00C04F79EFBC}") = "DLL", "DLL\DLL.csproj", "{F18F995F-EA2C-4609-B107-690DDBCFB47D}"
EndProject
Project("{FAE04EC0-301F-11D3-BF4B-00C04F79EFBC}") = "BLL", "BLL\BLL.csproj", "{85C2D5DA-F2B6-42F2-BB11-33CB567F7B3D}"
EndProject
Project("{FAE04EC0-301F-11D3-BF4B-00C04F79EFBC}") = "Utility", "Utility\Utility.csproj", "{2C41AC84-8F7D-46E3-AE32-2E43397496DF}"
EndProject
Global
	GlobalSection(SolutionConfigurationPlatforms) = preSolution
		Debug|Any CPU = Debug|Any CPU
		Release|Any CPU = Release|Any CPU
	EndGlobalSection
	GlobalSection(NestedProjects) = preSolution
		{369BA399-3307-4729-B266-7B87350DE1DE} = {5B2AE9A5-852B-49ED-A607-1AC6594768E3}
		{F18F995F-EA2C-4609-B107-690DDBCFB47D} = {5B2AE9A5-852B-49ED-A607-1AC6594768E3}
		{85C2D5DA-F2B6-42F2-BB11-33CB567F7B3D} = {5B2AE9A5-852B-49ED-A607-1AC6594768E3}
		{2C41AC84-8F7D-46E3-AE32-2E43397496DF} = {5B2AE9A5-852B-49ED-A607-1AC6594768E3}
	EndGlobalSection
	GlobalSection(ProjectConfigurationPlatforms) = postSolution
		{369BA399-3307-4729-B266-7B87350DE1DE}.Debug|Any CPU.ActiveCfg = Debug|Any CPU
		{369BA399-3307-4729-B266-7B87350DE1DE}.Debug|Any CPU.Build.0 = Debug|Any CPU
		{369BA399-3307-4729-B266-7B87350DE1DE}.Release|Any CPU.ActiveCfg = Release|Any CPU
		{369BA399-3307-4729-B266-7B87350DE1DE}.Release|Any CPU.Build.0 = Release|Any CPU
		{F18F995F-EA2C-4609-B107-690DDBCFB47D}.Debug|Any CPU.ActiveCfg = Debug|Any CPU
		{F18F995F-EA2C-4609-B107-690DDBCFB47D}.Debug|Any CPU.Build.0 = Debug|Any CPU
		{F18F995F-EA2C-4609-B107-690DDBCFB47D}.Release|Any CPU.ActiveCfg = Release|Any CPU
		{F18F995F-EA2C-4609-B107-690DDBCFB47D}.Release|Any CPU.Build.0 = Release|Any CPU
		{85C2D5DA-F2B6-42F2-BB11-33CB567F7B3D}.Debug|Any CPU.ActiveCfg = Debug|Any CPU
		{85C2D5DA-F2B6-42F2-BB11-33CB567F7B3D}.Debug|Any CPU.Build.0 = Debug|Any CPU
		{85C2D5DA-F2B6-42F2-BB11-33CB567F7B3D}.Release|Any CPU.ActiveCfg = Release|Any CPU
		{85C2D5DA-F2B6-42F2-BB11-33CB567F7B3D}.Release|Any CPU.Build.0 = Release|Any CPU
		{2C41AC84-8F7D-46E3-AE32-2E43397496DF}.Debug|Any CPU.ActiveCfg = Debug|Any CPU
		{2C41AC84-8F7D-46E3-AE32-2E43397496DF}.Debug|Any CPU.Build.0 = Debug|Any CPU
		{2C41AC84-8F7D-46E3-AE32-2E43397496DF}.Release|Any CPU.ActiveCfg = Release|Any CPU
		{2C41AC84-8F7D-46E3-AE32-2E43397496DF}.Release|Any CPU.Build.0 = Release|Any CPU
	EndGlobalSection
EndGlobal
